
Microsoft Visual Studio Solution File, Format Version 12.00
# Visual Studio 2012
Project("{FAE04EC0-301F-11D3-BF4B-00C04F79EFBC}") = "BlogGhost", "BlogGhost\BlogGhost.csproj", "{CEA05C93-30A1-4202-A6BB-97A431209AF1}"
EndProject
Global
	GlobalSection(SolutionConfigurationPlatforms) = preSolution
		Debug|Any CPU = Debug|Any CPU
		Release|Any CPU = Release|Any CPU
	EndGlobalSection
	GlobalSection(ProjectConfigurationPlatforms) = postSolution
		{CEA05C93-30A1-4202-A6BB-97A431209AF1}.Debug|Any CPU.ActiveCfg = Debug|Any CPU
		{CEA05C93-30A1-4202-A6BB-97A431209AF1}.Debug|Any CPU.Build.0 = Debug|Any CPU
		{CEA05C93-30A1-4202-A6BB-97A431209AF1}.Release|Any CPU.ActiveCfg = Release|Any CPU
		{CEA05C93-30A1-4202-A6BB-97A431209AF1}.Release|Any CPU.Build.0 = Release|Any CPU
	EndGlobalSection
	GlobalSection(SolutionProperties) = preSolution
		HideSolutionNode = FALSE
	EndGlobalSection
EndGlobal
